// !$*UTF8*$!
{
	archiveVersion = 1;
	classes = {
	};
	objectVersion = 56;
	objects = {

/* Begin PBXBuildFile section */
		C353117E2A0F8D6F00F2574A /* AppDelegate.swift in Sources */ = {isa = PBXBuildFile; fileRef = C353117D2A0F8D6F00F2574A /* AppDelegate.swift */; };
		C35311802A0F8D6F00F2574A /* SceneDelegate.swift in Sources */ = {isa = PBXBuildFile; fileRef = C353117F2A0F8D6F00F2574A /* SceneDelegate.swift */; };
		C35311822A0F8D6F00F2574A /* ViewController.swift in Sources */ = {isa = PBXBuildFile; fileRef = C35311812A0F8D6F00F2574A /* ViewController.swift */; };
		C35311852A0F8D6F00F2574A /* Main.storyboard in Resources */ = {isa = PBXBuildFile; fileRef = C35311832A0F8D6F00F2574A /* Main.storyboard */; };
		C35311872A0F8D7000F2574A /* Assets.xcassets in Resources */ = {isa = PBXBuildFile; fileRef = C35311862A0F8D7000F2574A /* Assets.xcassets */; };
		C353118A2A0F8D7000F2574A /* LaunchScreen.storyboard in Resources */ = {isa = PBXBuildFile; fileRef = C35311882A0F8D7000F2574A /* LaunchScreen.storyboard */; };
		C35311952A0F8D7000F2574A /* ExampleTests.swift in Sources */ = {isa = PBXBuildFile; fileRef = C35311942A0F8D7000F2574A /* ExampleTests.swift */; };
		C353119F2A0F8D7000F2574A /* ExampleUITests.swift in Sources */ = {isa = PBXBuildFile; fileRef = C353119E2A0F8D7000F2574A /* ExampleUITests.swift */; };
		C35311A12A0F8D7000F2574A /* ExampleUITestsLaunchTests.swift in Sources */ = {isa = PBXBuildFile; fileRef = C35311A02A0F8D7000F2574A /* ExampleUITestsLaunchTests.swift */; };
/* End PBXBuildFile section */

/* Begin PBXContainerItemProxy section */
		C35311912A0F8D7000F2574A /* PBXContainerItemProxy */ = {
			isa = PBXContainerItemProxy;
			containerPortal = C35311722A0F8D6F00F2574A /* Project object */;
			proxyType = 1;
			remoteGlobalIDString = C35311792A0F8D6F00F2574A;
			remoteInfo = Example;
		};
		C353119B2A0F8D7000F2574A /* PBXContainerItemProxy */ = {
			isa = PBXContainerItemProxy;
			containerPortal = C35311722A0F8D6F00F2574A /* Project object */;
			proxyType = 1;
			remoteGlobalIDString = C35311792A0F8D6F00F2574A;
			remoteInfo = Example;
		};
/* End PBXContainerItemProxy section */

/* Begin PBXFileReference section */
		C353117A2A0F8D6F00F2574A /* Example.app */ = {isa = PBXFileReference; explicitFileType = wrapper.application; includeInIndex = 0; path = Example.app; sourceTree = BUILT_PRODUCTS_DIR; };
		C353117D2A0F8D6F00F2574A /* AppDelegate.swift */ = {isa = PBXFileReference; lastKnownFileType = sourcecode.swift; path = AppDelegate.swift; sourceTree = "<group>"; };
		C353117F2A0F8D6F00F2574A /* SceneDelegate.swift */ = {isa = PBXFileReference; lastKnownFileType = sourcecode.swift; path = SceneDelegate.swift; sourceTree = "<group>"; };
		C35311812A0F8D6F00F2574A /* ViewController.swift */ = {isa = PBXFileReference; lastKnownFileType = sourcecode.swift; path = ViewController.swift; sourceTree = "<group>"; };
		C35311842A0F8D6F00F2574A /* Base */ = {isa = PBXFileReference; lastKnownFileType = file.storyboard; name = Base; path = Base.lproj/Main.storyboard; sourceTree = "<group>"; };
		C35311862A0F8D7000F2574A /* Assets.xcassets */ = {isa = PBXFileReference; lastKnownFileType = folder.assetcatalog; path = Assets.xcassets; sourceTree = "<group>"; };
		C35311892A0F8D7000F2574A /* Base */ = {isa = PBXFileReference; lastKnownFileType = file.storyboard; name = Base; path = Base.lproj/LaunchScreen.storyboard; sourceTree = "<group>"; };
		C353118B2A0F8D7000F2574A /* Info.plist */ = {isa = PBXFileReference; lastKnownFileType = text.plist.xml; path = Info.plist; sourceTree = "<group>"; };
		C35311902A0F8D7000F2574A /* ExampleTests.xctest */ = {isa = PBXFileReference; explicitFileType = wrapper.cfbundle; includeInIndex = 0; path = ExampleTests.xctest; sourceTree = BUILT_PRODUCTS_DIR; };
		C35311942A0F8D7000F2574A /* ExampleTests.swift */ = {isa = PBXFileReference; lastKnownFileType = sourcecode.swift; path = ExampleTests.swift; sourceTree = "<group>"; };
		C353119A2A0F8D7000F2574A /* ExampleUITests.xctest */ = {isa = PBXFileReference; explicitFileType = wrapper.cfbundle; includeInIndex = 0; path = ExampleUITests.xctest; sourceTree = BUILT_PRODUCTS_DIR; };
		C353119E2A0F8D7000F2574A /* ExampleUITests.swift */ = {isa = PBXFileReference; lastKnownFileType = sourcecode.swift; path = ExampleUITests.swift; sourceTree = "<group>"; };
		C35311A02A0F8D7000F2574A /* ExampleUITestsLaunchTests.swift */ = {isa = PBXFileReference; lastKnownFileType = sourcecode.swift; path = ExampleUITestsLaunchTests.swift; sourceTree = "<group>"; };
/* End PBXFileReference section */

/* Begin PBXFrameworksBuildPhase section */
		C35311772A0F8D6F00F2574A /* Frameworks */ = {
			isa = PBXFrameworksBuildPhase;
			buildActionMask = 2147483647;
			files = (
			);
			runOnlyForDeploymentPostprocessing = 0;
		};
		C353118D2A0F8D7000F2574A /* Frameworks */ = {
			isa = PBXFrameworksBuildPhase;
			buildActionMask = 2147483647;
			files = (
			);
			runOnlyForDeploymentPostprocessing = 0;
		};
		C35311972A0F8D7000F2574A /* Frameworks */ = {
			isa = PBXFrameworksBuildPhase;
			buildActionMask = 2147483647;
			files = (
			);
			runOnlyForDeploymentPostprocessing = 0;
		};
/* End PBXFrameworksBuildPhase section */

/* Begin PBXGroup section */
		C35311712A0F8D6F00F2574A = {
			isa = PBXGroup;
			children = (
				C353117C2A0F8D6F00F2574A /* Example */,
				C35311932A0F8D7000F2574A /* ExampleTests */,
				C353119D2A0F8D7000F2574A /* ExampleUITests */,
				C353117B2A0F8D6F00F2574A /* Products */,
			);
			sourceTree = "<group>";
		};
		C353117B2A0F8D6F00F2574A /* Products */ = {
			isa = PBXGroup;
			children = (
				C353117A2A0F8D6F00F2574A /* Example.app */,
				C35311902A0F8D7000F2574A /* ExampleTests.xctest */,
				C353119A2A0F8D7000F2574A /* ExampleUITests.xctest */,
			);
			name = Products;
			sourceTree = "<group>";
		};
		C353117C2A0F8D6F00F2574A /* Example */ = {
			isa = PBXGroup;
			children = (
				C353117D2A0F8D6F00F2574A /* AppDelegate.swift */,
				C353117F2A0F8D6F00F2574A /* SceneDelegate.swift */,
				C35311812A0F8D6F00F2574A /* ViewController.swift */,
				C35311832A0F8D6F00F2574A /* Main.storyboard */,
				C35311862A0F8D7000F2574A /* Assets.xcassets */,
				C35311882A0F8D7000F2574A /* LaunchScreen.storyboard */,
				C353118B2A0F8D7000F2574A /* Info.plist */,
			);
			path = Example;
			sourceTree = "<group>";
		};
		C35311932A0F8D7000F2574A /* ExampleTests */ = {
			isa = PBXGroup;
			children = (
				C35311942A0F8D7000F2574A /* ExampleTests.swift */,
			);
			path = ExampleTests;
			sourceTree = "<group>";
		};
		C353119D2A0F8D7000F2574A /* ExampleUITests */ = {
			isa = PBXGroup;
			children = (
				C353119E2A0F8D7000F2574A /* ExampleUITests.swift */,
				C35311A02A0F8D7000F2574A /* ExampleUITestsLaunchTests.swift */,
			);
			path = ExampleUITests;
			sourceTree = "<group>";
		};
/* End PBXGroup section */

/* Begin PBXNativeTarget section */
		C35311792A0F8D6F00F2574A /* Example */ = {
			isa = PBXNativeTarget;
			buildConfigurationList = C35311A42A0F8D7000F2574A /* Build configuration list for PBXNativeTarget "Example" */;
			buildPhases = (
				C35311762A0F8D6F00F2574A /* Sources */,
				C35311772A0F8D6F00F2574A /* Frameworks */,
				C35311782A0F8D6F00F2574A /* Resources */,
			);
			buildRules = (
			);
			dependencies = (
			);
			name = Example;
			productName = Example;
			productReference = C353117A2A0F8D6F00F2574A /* Example.app */;
			productType = "com.apple.product-type.application";
		};
		C353118F2A0F8D7000F2574A /* ExampleTests */ = {
			isa = PBXNativeTarget;
			buildConfigurationList = C35311A72A0F8D7000F2574A /* Build configuration list for PBXNativeTarget "ExampleTests" */;
			buildPhases = (
				C353118C2A0F8D7000F2574A /* Sources */,
				C353118D2A0F8D7000F2574A /* Frameworks */,
				C353118E2A0F8D7000F2574A /* Resources */,
			);
			buildRules = (
			);
			dependencies = (
				C35311922A0F8D7000F2574A /* PBXTargetDependency */,
			);
			name = ExampleTests;
			productName = ExampleTests;
			productReference = C35311902A0F8D7000F2574A /* ExampleTests.xctest */;
			productType = "com.apple.product-type.bundle.unit-test";
		};
		C35311992A0F8D7000F2574A /* ExampleUITests */ = {
			isa = PBXNativeTarget;
			buildConfigurationList = C35311AA2A0F8D7000F2574A /* Build configuration list for PBXNativeTarget "ExampleUITests" */;
			buildPhases = (
				C35311962A0F8D7000F2574A /* Sources */,
				C35311972A0F8D7000F2574A /* Frameworks */,
				C35311982A0F8D7000F2574A /* Resources */,
			);
			buildRules = (
			);
			dependencies = (
				C353119C2A0F8D7000F2574A /* PBXTargetDependency */,
			);
			name = ExampleUITests;
			productName = ExampleUITests;
			productReference = C353119A2A0F8D7000F2574A /* ExampleUITests.xctest */;
			productType = "com.apple.product-type.bundle.ui-testing";
		};
/* End PBXNativeTarget section */

/* Begin PBXProject section */
		C35311722A0F8D6F00F2574A /* Project object */ = {
			isa = PBXProject;
			attributes = {
				BuildIndependentTargetsInParallel = 1;
				LastSwiftUpdateCheck = 1430;
				LastUpgradeCheck = 1430;
				TargetAttributes = {
					C35311792A0F8D6F00F2574A = {
						CreatedOnToolsVersion = 14.3;
					};
					C353118F2A0F8D7000F2574A = {
						CreatedOnToolsVersion = 14.3;
						TestTargetID = C35311792A0F8D6F00F2574A;
					};
					C35311992A0F8D7000F2574A = {
						CreatedOnToolsVersion = 14.3;
						TestTargetID = C35311792A0F8D6F00F2574A;
					};
				};
			};
			buildConfigurationList = C35311752A0F8D6F00F2574A /* Build configuration list for PBXProject "Example" */;
			compatibilityVersion = "Xcode 14.0";
			developmentRegion = en;
			hasScannedForEncodings = 0;
			knownRegions = (
				en,
				Base,
			);
			mainGroup = C35311712A0F8D6F00F2574A;
			productRefGroup = C353117B2A0F8D6F00F2574A /* Products */;
			projectDirPath = "";
			projectRoot = "";
			targets = (
				C35311792A0F8D6F00F2574A /* Example */,
				C353118F2A0F8D7000F2574A /* ExampleTests */,
				C35311992A0F8D7000F2574A /* ExampleUITests */,
			);
		};
/* End PBXProject section */

/* Begin PBXResourcesBuildPhase section */
		C35311782A0F8D6F00F2574A /* Resources */ = {
			isa = PBXResourcesBuildPhase;
			buildActionMask = 2147483647;
			files = (
				C353118A2A0F8D7000F2574A /* LaunchScreen.storyboard in Resources */,
				C35311872A0F8D7000F2574A /* Assets.xcassets in Resources */,
				C35311852A0F8D6F00F2574A /* Main.storyboard in Resources */,
			);
			runOnlyForDeploymentPostprocessing = 0;
		};
		C353118E2A0F8D7000F2574A /* Resources */ = {
			isa = PBXResourcesBuildPhase;
			buildActionMask = 2147483647;
			files = (
			);
			runOnlyForDeploymentPostprocessing = 0;
		};
		C35311982A0F8D7000F2574A /* Resources */ = {
			isa = PBXResourcesBuildPhase;
			buildActionMask = 2147483647;
			files = (
			);
			runOnlyForDeploymentPostprocessing = 0;
		};
/* End PBXResourcesBuildPhase section */

/* Begin PBXSourcesBuildPhase section */
		C35311762A0F8D6F00F2574A /* Sources */ = {
			isa = PBXSourcesBuildPhase;
			buildActionMask = 2147483647;
			files = (
				C35311822A0F8D6F00F2574A /* ViewController.swift in Sources */,
				C353117E2A0F8D6F00F2574A /* AppDelegate.swift in Sources */,
				C35311802A0F8D6F00F2574A /* SceneDelegate.swift in Sources */,
			);
			runOnlyForDeploymentPostprocessing = 0;
		};
		C353118C2A0F8D7000F2574A /* Sources */ = {
			isa = PBXSourcesBuildPhase;
			buildActionMask = 2147483647;
			files = (
				C35311952A0F8D7000F2574A /* ExampleTests.swift in Sources */,
			);
			runOnlyForDeploymentPostprocessing = 0;
		};
		C35311962A0F8D7000F2574A /* Sources */ = {
			isa = PBXSourcesBuildPhase;
			buildActionMask = 2147483647;
			files = (
				C353119F2A0F8D7000F2574A /* ExampleUITests.swift in Sources */,
				C35311A12A0F8D7000F2574A /* ExampleUITestsLaunchTests.swift in Sources */,
			);
			runOnlyForDeploymentPostprocessing = 0;
		};
/* End PBXSourcesBuildPhase section */

/* Begin PBXTargetDependency section */
		C35311922A0F8D7000F2574A /* PBXTargetDependency */ = {
			isa = PBXTargetDependency;
			target = C35311792A0F8D6F00F2574A /* Example */;
			targetProxy = C35311912A0F8D7000F2574A /* PBXContainerItemProxy */;
		};
		C353119C2A0F8D7000F2574A /* PBXTargetDependency */ = {
			isa = PBXTargetDependency;
			target = C35311792A0F8D6F00F2574A /* Example */;
			targetProxy = C353119B2A0F8D7000F2574A /* PBXContainerItemProxy */;
		};
/* End PBXTargetDependency section */

/* Begin PBXVariantGroup section */
		C35311832A0F8D6F00F2574A /* Main.storyboard */ = {
			isa = PBXVariantGroup;
			children = (
				C35311842A0F8D6F00F2574A /* Base */,
			);
			name = Main.storyboard;
			sourceTree = "<group>";
		};
		C35311882A0F8D7000F2574A /* LaunchScreen.storyboard */ = {
			isa = PBXVariantGroup;
			children = (
				C35311892A0F8D7000F2574A /* Base */,
			);
			name = LaunchScreen.storyboard;
			sourceTree = "<group>";
		};
/* End PBXVariantGroup section */

/* Begin XCBuildConfiguration section */
		C35311A22A0F8D7000F2574A /* Debug */ = {
			isa = XCBuildConfiguration;
			buildSettings = {
				ALWAYS_SEARCH_USER_PATHS = NO;
				CLANG_ANALYZER_NONNULL = YES;
				CLANG_ANALYZER_NUMBER_OBJECT_CONVERSION = YES_AGGRESSIVE;
				CLANG_CXX_LANGUAGE_STANDARD = "gnu++20";
				CLANG_ENABLE_MODULES = YES;
				CLANG_ENABLE_OBJC_ARC = YES;
				CLANG_ENABLE_OBJC_WEAK = YES;
				CLANG_WARN_BLOCK_CAPTURE_AUTORELEASING = YES;
				CLANG_WARN_BOOL_CONVERSION = YES;
				CLANG_WARN_COMMA = YES;
				CLANG_WARN_CONSTANT_CONVERSION = YES;
				CLANG_WARN_DEPRECATED_OBJC_IMPLEMENTATIONS = YES;
				CLANG_WARN_DIRECT_OBJC_ISA_USAGE = YES_ERROR;
				CLANG_WARN_DOCUMENTATION_COMMENTS = YES;
				CLANG_WARN_EMPTY_BODY = YES;
				CLANG_WARN_ENUM_CONVERSION = YES;
				CLANG_WARN_INFINITE_RECURSION = YES;
				CLANG_WARN_INT_CONVERSION = YES;
				CLANG_WARN_NON_LITERAL_NULL_CONVERSION = YES;
				CLANG_WARN_OBJC_IMPLICIT_RETAIN_SELF = YES;
				CLANG_WARN_OBJC_LITERAL_CONVERSION = YES;
				CLANG_WARN_OBJC_ROOT_CLASS = YES_ERROR;
				CLANG_WARN_QUOTED_INCLUDE_IN_FRAMEWORK_HEADER = YES;
				CLANG_WARN_RANGE_LOOP_ANALYSIS = YES;
				CLANG_WARN_STRICT_PROTOTYPES = YES;
				CLANG_WARN_SUSPICIOUS_MOVE = YES;
				CLANG_WARN_UNGUARDED_AVAILABILITY = YES_AGGRESSIVE;
				CLANG_WARN_UNREACHABLE_CODE = YES;
				CLANG_WARN__DUPLICATE_METHOD_MATCH = YES;
				COPY_PHASE_STRIP = NO;
				DEBUG_INFORMATION_FORMAT = dwarf;
				ENABLE_STRICT_OBJC_MSGSEND = YES;
				ENABLE_TESTABILITY = YES;
				GCC_C_LANGUAGE_STANDARD = gnu11;
				GCC_DYNAMIC_NO_PIC = NO;
				GCC_NO_COMMON_BLOCKS = YES;
				GCC_OPTIMIZATION_LEVEL = 0;
				GCC_PREPROCESSOR_DEFINITIONS = (
					"DEBUG=1",
					"$(inherited)",
				);
				GCC_WARN_64_TO_32_BIT_CONVERSION = YES;
				GCC_WARN_ABOUT_RETURN_TYPE = YES_ERROR;
				GCC_WARN_UNDECLARED_SELECTOR = YES;
				GCC_WARN_UNINITIALIZED_AUTOS = YES_AGGRESSIVE;
				GCC_WARN_UNUSED_FUNCTION = YES;
				GCC_WARN_UNUSED_VARIABLE = YES;
				IPHONEOS_DEPLOYMENT_TARGET = 16.4;
				MTL_ENABLE_DEBUG_INFO = INCLUDE_SOURCE;
				MTL_FAST_MATH = YES;
				ONLY_ACTIVE_ARCH = YES;
				SDKROOT = iphoneos;
				SWIFT_ACTIVE_COMPILATION_CONDITIONS = DEBUG;
				SWIFT_OPTIMIZATION_LEVEL = "-Onone";
			};
			name = Debug;
		};
		C35311A32A0F8D7000F2574A /* Release */ = {
			isa = XCBuildConfiguration;
			buildSettings = {
				ALWAYS_SEARCH_USER_PATHS = NO;
				CLANG_ANALYZER_NONNULL = YES;
				CLANG_ANALYZER_NUMBER_OBJECT_CONVERSION = YES_AGGRESSIVE;
				CLANG_CXX_LANGUAGE_STANDARD = "gnu++20";
				CLANG_ENABLE_MODULES = YES;
				CLANG_ENABLE_OBJC_ARC = YES;
				CLANG_ENABLE_OBJC_WEAK = YES;
				CLANG_WARN_BLOCK_CAPTURE_AUTORELEASING = YES;
				CLANG_WARN_BOOL_CONVERSION = YES;
				CLANG_WARN_COMMA = YES;
				CLANG_WARN_CONSTANT_CONVERSION = YES;
				CLANG_WARN_DEPRECATED_OBJC_IMPLEMENTATIONS = YES;
				CLANG_WARN_DIRECT_OBJC_ISA_USAGE = YES_ERROR;
				CLANG_WARN_DOCUMENTATION_COMMENTS = YES;
				CLANG_WARN_EMPTY_BODY = YES;
				CLANG_WARN_ENUM_CONVERSION = YES;
				CLANG_WARN_INFINITE_RECURSION = YES;
				CLANG_WARN_INT_CONVERSION = YES;
				CLANG_WARN_NON_LITERAL_NULL_CONVERSION = YES;
				CLANG_WARN_OBJC_IMPLICIT_RETAIN_SELF = YES;
				CLANG_WARN_OBJC_LITERAL_CONVERSION = YES;
				CLANG_WARN_OBJC_ROOT_CLASS = YES_ERROR;
				CLANG_WARN_QUOTED_INCLUDE_IN_FRAMEWORK_HEADER = YES;
				CLANG_WARN_RANGE_LOOP_ANALYSIS = YES;
				CLANG_WARN_STRICT_PROTOTYPES = YES;
				CLANG_WARN_SUSPICIOUS_MOVE = YES;
				CLANG_WARN_UNGUARDED_AVAILABILITY = YES_AGGRESSIVE;
				CLANG_WARN_UNREACHABLE_CODE = YES;
				CLANG_WARN__DUPLICATE_METHOD_MATCH = YES;
				COPY_PHASE_STRIP = NO;
				DEBUG_INFORMATION_FORMAT = "dwarf-with-dsym";
				ENABLE_NS_ASSERTIONS = NO;
				ENABLE_STRICT_OBJC_MSGSEND = YES;
				GCC_C_LANGUAGE_STANDARD = gnu11;
				GCC_NO_COMMON_BLOCKS = YES;
				GCC_WARN_64_TO_32_BIT_CONVERSION = YES;
				GCC_WARN_ABOUT_RETURN_TYPE = YES_ERROR;
				GCC_WARN_UNDECLARED_SELECTOR = YES;
				GCC_WARN_UNINITIALIZED_AUTOS = YES_AGGRESSIVE;
				GCC_WARN_UNUSED_FUNCTION = YES;
				GCC_WARN_UNUSED_VARIABLE = YES;
				IPHONEOS_DEPLOYMENT_TARGET = 16.4;
				MTL_ENABLE_DEBUG_INFO = NO;
				MTL_FAST_MATH = YES;
				SDKROOT = iphoneos;
				SWIFT_COMPILATION_MODE = wholemodule;
				SWIFT_OPTIMIZATION_LEVEL = "-O";
				VALIDATE_PRODUCT = YES;
			};
			name = Release;
		};
		C35311A52A0F8D7000F2574A /* Debug */ = {
			isa = XCBuildConfiguration;
			buildSettings = {
				ASSETCATALOG_COMPILER_APPICON_NAME = AppIcon;
				ASSETCATALOG_COMPILER_GLOBAL_ACCENT_COLOR_NAME = AccentColor;
				CODE_SIGN_STYLE = Automatic;
				CURRENT_PROJECT_VERSION = 1;
				DEVELOPMENT_TEAM = NMCVZ8F7S5;
				GENERATE_INFOPLIST_FILE = YES;
				INFOPLIST_FILE = Example/Info.plist;
				INFOPLIST_KEY_UIApplicationSupportsIndirectInputEvents = YES;
				INFOPLIST_KEY_UILaunchStoryboardName = LaunchScreen;
				INFOPLIST_KEY_UIMainStoryboardFile = Main;
				INFOPLIST_KEY_UISupportedInterfaceOrientations_iPad = "UIInterfaceOrientationPortrait UIInterfaceOrientationPortraitUpsideDown UIInterfaceOrientationLandscapeLeft UIInterfaceOrientationLandscapeRight";
				INFOPLIST_KEY_UISupportedInterfaceOrientations_iPhone = "UIInterfaceOrientationPortrait UIInterfaceOrientationLandscapeLeft UIInterfaceOrientationLandscapeRight";
				LD_RUNPATH_SEARCH_PATHS = (
					"$(inherited)",
					"@executable_path/Frameworks",
				);
				MARKETING_VERSION = 1.0;
				PRODUCT_BUNDLE_IDENTIFIER = com.emredegirmenci.Example;
				PRODUCT_NAME = "$(TARGET_NAME)";
				SWIFT_EMIT_LOC_STRINGS = YES;
				SWIFT_VERSION = 5.0;
				TARGETED_DEVICE_FAMILY = "1,2";
			};
			name = Debug;
		};
		C35311A62A0F8D7000F2574A /* Release */ = {
			isa = XCBuildConfiguration;
			buildSettings = {
				ASSETCATALOG_COMPILER_APPICON_NAME = AppIcon;
				ASSETCATALOG_COMPILER_GLOBAL_ACCENT_COLOR_NAME = AccentColor;
				CODE_SIGN_STYLE = Automatic;
				CURRENT_PROJECT_VERSION = 1;
				DEVELOPMENT_TEAM = NMCVZ8F7S5;
				GENERATE_INFOPLIST_FILE = YES;
				INFOPLIST_FILE = Example/Info.plist;
				INFOPLIST_KEY_UIApplicationSupportsIndirectInputEvents = YES;
				INFOPLIST_KEY_UILaunchStoryboardName = LaunchScreen;
				INFOPLIST_KEY_UIMainStoryboardFile = Main;
				INFOPLIST_KEY_UISupportedInterfaceOrientations_iPad = "UIInterfaceOrientationPortrait UIInterfaceOrientationPortraitUpsideDown UIInterfaceOrientationLandscapeLeft UIInterfaceOrientationLandscapeRight";
				INFOPLIST_KEY_UISupportedInterfaceOrientations_iPhone = "UIInterfaceOrientationPortrait UIInterfaceOrientationLandscapeLeft UIInterfaceOrientationLandscapeRight";
				LD_RUNPATH_SEARCH_PATHS = (
					"$(inherited)",
					"@executable_path/Frameworks",
				);
				MARKETING_VERSION = 1.0;
				PRODUCT_BUNDLE_IDENTIFIER = com.emredegirmenci.Example;
				PRODUCT_NAME = "$(TARGET_NAME)";
				SWIFT_EMIT_LOC_STRINGS = YES;
				SWIFT_VERSION = 5.0;
				TARGETED_DEVICE_FAMILY = "1,2";
			};
			name = Release;
		};
		C35311A82A0F8D7000F2574A /* Debug */ = {
			isa = XCBuildConfiguration;
			buildSettings = {
				ALWAYS_EMBED_SWIFT_STANDARD_LIBRARIES = YES;
				BUNDLE_LOADER = "$(TEST_HOST)";
				CODE_SIGN_STYLE = Automatic;
				CURRENT_PROJECT_VERSION = 1;
				DEVELOPMENT_TEAM = NMCVZ8F7S5;
				GENERATE_INFOPLIST_FILE = YES;
				IPHONEOS_DEPLOYMENT_TARGET = 16.4;
				MARKETING_VERSION = 1.0;
				PRODUCT_BUNDLE_IDENTIFIER = com.emredegirmenci.ExampleTests;
				PRODUCT_NAME = "$(TARGET_NAME)";
				SWIFT_EMIT_LOC_STRINGS = NO;
				SWIFT_VERSION = 5.0;
				TARGETED_DEVICE_FAMILY = "1,2";
				TEST_HOST = "$(BUILT_PRODUCTS_DIR)/Example.app/$(BUNDLE_EXECUTABLE_FOLDER_PATH)/Example";
			};
			name = Debug;
		};
		C35311A92A0F8D7000F2574A /* Release */ = {
			isa = XCBuildConfiguration;
			buildSettings = {
				ALWAYS_EMBED_SWIFT_STANDARD_LIBRARIES = YES;
				BUNDLE_LOADER = "$(TEST_HOST)";
				CODE_SIGN_STYLE = Automatic;
				CURRENT_PROJECT_VERSION = 1;
				DEVELOPMENT_TEAM = NMCVZ8F7S5;
				GENERATE_INFOPLIST_FILE = YES;
				IPHONEOS_DEPLOYMENT_TARGET = 16.4;
				MARKETING_VERSION = 1.0;
				PRODUCT_BUNDLE_IDENTIFIER = com.emredegirmenci.ExampleTests;
				PRODUCT_NAME = "$(TARGET_NAME)";
				SWIFT_EMIT_LOC_STRINGS = NO;
				SWIFT_VERSION = 5.0;
				TARGETED_DEVICE_FAMILY = "1,2";
				TEST_HOST = "$(BUILT_PRODUCTS_DIR)/Example.app/$(BUNDLE_EXECUTABLE_FOLDER_PATH)/Example";
			};
			name = Release;
		};
		C35311AB2A0F8D7000F2574A /* Debug */ = {
			isa = XCBuildConfiguration;
			buildSettings = {
				ALWAYS_EMBED_SWIFT_STANDARD_LIBRARIES = YES;
				CODE_SIGN_STYLE = Automatic;
				CURRENT_PROJECT_VERSION = 1;
				DEVELOPMENT_TEAM = NMCVZ8F7S5;
				GENERATE_INFOPLIST_FILE = YES;
				MARKETING_VERSION = 1.0;
				PRODUCT_BUNDLE_IDENTIFIER = com.emredegirmenci.ExampleUITests;
				PRODUCT_NAME = "$(TARGET_NAME)";
				SWIFT_EMIT_LOC_STRINGS = NO;
				SWIFT_VERSION = 5.0;
				TARGETED_DEVICE_FAMILY = "1,2";
				TEST_TARGET_NAME = Example;
			};
			name = Debug;
		};
		C35311AC2A0F8D7000F2574A /* Release */ = {
			isa = XCBuildConfiguration;
			buildSettings = {
				ALWAYS_EMBED_SWIFT_STANDARD_LIBRARIES = YES;
				CODE_SIGN_STYLE = Automatic;
				CURRENT_PROJECT_VERSION = 1;
				DEVELOPMENT_TEAM = NMCVZ8F7S5;
				GENERATE_INFOPLIST_FILE = YES;
				MARKETING_VERSION = 1.0;
				PRODUCT_BUNDLE_IDENTIFIER = com.emredegirmenci.ExampleUITests;
				PRODUCT_NAME = "$(TARGET_NAME)";
				SWIFT_EMIT_LOC_STRINGS = NO;
				SWIFT_VERSION = 5.0;
				TARGETED_DEVICE_FAMILY = "1,2";
				TEST_TARGET_NAME = Example;
			};
			name = Release;
		};
/* End XCBuildConfiguration section */

/* Begin XCConfigurationList section */
		C35311752A0F8D6F00F2574A /* Build configuration list for PBXProject "Example" */ = {
			isa = XCConfigurationList;
			buildConfigurations = (
				C35311A22A0F8D7000F2574A /* Debug */,
				C35311A32A0F8D7000F2574A /* Release */,
			);
			defaultConfigurationIsVisible = 0;
			defaultConfigurationName = Release;
		};
		C35311A42A0F8D7000F2574A /* Build configuration list for PBXNativeTarget "Example" */ = {
			isa = XCConfigurationList;
			buildConfigurations = (
				C35311A52A0F8D7000F2574A /* Debug */,
				C35311A62A0F8D7000F2574A /* Release */,
			);
			defaultConfigurationIsVisible = 0;
			defaultConfigurationName = Release;
		};
		C35311A72A0F8D7000F2574A /* Build configuration list for PBXNativeTarget "ExampleTests" */ = {
			isa = XCConfigurationList;
			buildConfigurations = (
				C35311A82A0F8D7000F2574A /* Debug */,
				C35311A92A0F8D7000F2574A /* Release */,
			);
			defaultConfigurationIsVisible = 0;
			defaultConfigurationName = Release;
		};
		C35311AA2A0F8D7000F2574A /* Build configuration list for PBXNativeTarget "ExampleUITests" */ = {
			isa = XCConfigurationList;
			buildConfigurations = (
				C35311AB2A0F8D7000F2574A /* Debug */,
				C35311AC2A0F8D7000F2574A /* Release */,
			);
			defaultConfigurationIsVisible = 0;
			defaultConfigurationName = Release;
		};
/* End XCConfigurationList section */
	};
	rootObject = C35311722A0F8D6F00F2574A /* Project object */;
}
