{
  "pins" : [
    {
      "identity" : "edcarouselspm",
      "kind" : "remoteSourceControl",
      "location" : "https://github.com/emrdgrmnci/EDCarouselSPM.git",
      "state" : {
        "revision" : "8e17fdd8674a2a2a59421b6ccaa390e307b642e4",
        "version" : "0.0.2"
      }
    }
  ],
  "version" : 2
}
